
Microsoft Visual Studio Solution File, Format Version 12.00
# Visual Studio Version 16
VisualStudioVersion = 16.0.29613.14
MinimumVisualStudioVersion = 10.0.40219.1
Project("{FAE04EC0-301F-11D3-BF4B-00C04F79EFBC}") = "HTTPRequester", "HTTPRequester\HTTPRequester.csproj", "{0EFAE9E2-1922-4B55-9230-A4F14050517B}"
EndProject
Global
	GlobalSection(SolutionConfigurationPlatforms) = preSolution
		Debug|Any CPU = Debug|Any CPU
		Release|Any CPU = Release|Any CPU
	EndGlobalSection
	GlobalSection(ProjectConfigurationPlatforms) = postSolution
		{0EFAE9E2-1922-4B55-9230-A4F14050517B}.Debug|Any CPU.ActiveCfg = Debug|Any CPU
		{0EFAE9E2-1922-4B55-9230-A4F14050517B}.Debug|Any CPU.Build.0 = Debug|Any CPU
		{0EFAE9E2-1922-4B55-9230-A4F14050517B}.Release|Any CPU.ActiveCfg = Release|Any CPU
		{0EFAE9E2-1922-4B55-9230-A4F14050517B}.Release|Any CPU.Build.0 = Release|Any CPU
	EndGlobalSection
	GlobalSection(SolutionProperties) = preSolution
		HideSolutionNode = FALSE
	EndGlobalSection
	GlobalSection(ExtensibilityGlobals) = postSolution
		SolutionGuid = {82ED11E2-2217-4EAA-AA75-0F46C088F8E0}
	EndGlobalSection
EndGlobal
